// !$*UTF8*$!
{
	archiveVersion = 1;
	classes = {
	};
	objectVersion = 50;
	objects = {

/* Begin PBXBuildFile section */
		E550DE55220F751F00C9EA70 /* AppDelegate.swift in Sources */ = {isa = PBXBuildFile; fileRef = E550DE54220F751F00C9EA70 /* AppDelegate.swift */; };
		E550DE57220F751F00C9EA70 /* ViewController.swift in Sources */ = {isa = PBXBuildFile; fileRef = E550DE56220F751F00C9EA70 /* ViewController.swift */; };
		E550DE5A220F751F00C9EA70 /* Main.storyboard in Resources */ = {isa = PBXBuildFile; fileRef = E550DE58220F751F00C9EA70 /* Main.storyboard */; };
		E550DE5C220F752100C9EA70 /* Assets.xcassets in Resources */ = {isa = PBXBuildFile; fileRef = E550DE5B220F752100C9EA70 /* Assets.xcassets */; };
		E550DE5F220F752100C9EA70 /* LaunchScreen.storyboard in Resources */ = {isa = PBXBuildFile; fileRef = E550DE5D220F752100C9EA70 /* LaunchScreen.storyboard */; };
		E550DE6A220F752100C9EA70 /* CameraTests.swift in Sources */ = {isa = PBXBuildFile; fileRef = E550DE69220F752100C9EA70 /* CameraTests.swift */; };
		E550DE75220F752100C9EA70 /* CameraUITests.swift in Sources */ = {isa = PBXBuildFile; fileRef = E550DE74220F752100C9EA70 /* CameraUITests.swift */; };
		E550DE84220F758700C9EA70 /* CameraPreview.xib in Resources */ = {isa = PBXBuildFile; fileRef = E550DE83220F758700C9EA70 /* CameraPreview.xib */; };
/* End PBXBuildFile section */

/* Begin PBXContainerItemProxy section */
		E550DE66220F752100C9EA70 /* PBXContainerItemProxy */ = {
			isa = PBXContainerItemProxy;
			containerPortal = E550DE49220F751F00C9EA70 /* Project object */;
			proxyType = 1;
			remoteGlobalIDString = E550DE50220F751F00C9EA70;
			remoteInfo = Camera;
		};
		E550DE71220F752100C9EA70 /* PBXContainerItemProxy */ = {
			isa = PBXContainerItemProxy;
			containerPortal = E550DE49220F751F00C9EA70 /* Project object */;
			proxyType = 1;
			remoteGlobalIDString = E550DE50220F751F00C9EA70;
			remoteInfo = Camera;
		};
/* End PBXContainerItemProxy section */

/* Begin PBXFileReference section */
		E550DE51220F751F00C9EA70 /* Camera.app */ = {isa = PBXFileReference; explicitFileType = wrapper.application; includeInIndex = 0; path = Camera.app; sourceTree = BUILT_PRODUCTS_DIR; };
		E550DE54220F751F00C9EA70 /* AppDelegate.swift */ = {isa = PBXFileReference; lastKnownFileType = sourcecode.swift; path = AppDelegate.swift; sourceTree = "<group>"; };
		E550DE56220F751F00C9EA70 /* ViewController.swift */ = {isa = PBXFileReference; lastKnownFileType = sourcecode.swift; path = ViewController.swift; sourceTree = "<group>"; };
		E550DE59220F751F00C9EA70 /* Base */ = {isa = PBXFileReference; lastKnownFileType = file.storyboard; name = Base; path = Base.lproj/Main.storyboard; sourceTree = "<group>"; };
		E550DE5B220F752100C9EA70 /* Assets.xcassets */ = {isa = PBXFileReference; lastKnownFileType = folder.assetcatalog; path = Assets.xcassets; sourceTree = "<group>"; };
		E550DE5E220F752100C9EA70 /* Base */ = {isa = PBXFileReference; lastKnownFileType = file.storyboard; name = Base; path = Base.lproj/LaunchScreen.storyboard; sourceTree = "<group>"; };
		E550DE60220F752100C9EA70 /* Info.plist */ = {isa = PBXFileReference; lastKnownFileType = text.plist.xml; path = Info.plist; sourceTree = "<group>"; };
		E550DE65220F752100C9EA70 /* CameraTests.xctest */ = {isa = PBXFileReference; explicitFileType = wrapper.cfbundle; includeInIndex = 0; path = CameraTests.xctest; sourceTree = BUILT_PRODUCTS_DIR; };
		E550DE69220F752100C9EA70 /* CameraTests.swift */ = {isa = PBXFileReference; lastKnownFileType = sourcecode.swift; path = CameraTests.swift; sourceTree = "<group>"; };
		E550DE6B220F752100C9EA70 /* Info.plist */ = {isa = PBXFileReference; lastKnownFileType = text.plist.xml; path = Info.plist; sourceTree = "<group>"; };
		E550DE70220F752100C9EA70 /* CameraUITests.xctest */ = {isa = PBXFileReference; explicitFileType = wrapper.cfbundle; includeInIndex = 0; path = CameraUITests.xctest; sourceTree = BUILT_PRODUCTS_DIR; };
		E550DE74220F752100C9EA70 /* CameraUITests.swift */ = {isa = PBXFileReference; lastKnownFileType = sourcecode.swift; path = CameraUITests.swift; sourceTree = "<group>"; };
		E550DE76220F752100C9EA70 /* Info.plist */ = {isa = PBXFileReference; lastKnownFileType = text.plist.xml; path = Info.plist; sourceTree = "<group>"; };
		E550DE83220F758700C9EA70 /* CameraPreview.xib */ = {isa = PBXFileReference; lastKnownFileType = file.xib; path = CameraPreview.xib; sourceTree = "<group>"; };
/* End PBXFileReference section */

/* Begin PBXFrameworksBuildPhase section */
		E550DE4E220F751F00C9EA70 /* Frameworks */ = {
			isa = PBXFrameworksBuildPhase;
			buildActionMask = 2147483647;
			files = (
			);
			runOnlyForDeploymentPostprocessing = 0;
		};
		E550DE62220F752100C9EA70 /* Frameworks */ = {
			isa = PBXFrameworksBuildPhase;
			buildActionMask = 2147483647;
			files = (
			);
			runOnlyForDeploymentPostprocessing = 0;
		};
		E550DE6D220F752100C9EA70 /* Frameworks */ = {
			isa = PBXFrameworksBuildPhase;
			buildActionMask = 2147483647;
			files = (
			);
			runOnlyForDeploymentPostprocessing = 0;
		};
/* End PBXFrameworksBuildPhase section */

/* Begin PBXGroup section */
		E550DE48220F751F00C9EA70 = {
			isa = PBXGroup;
			children = (
				E550DE53220F751F00C9EA70 /* Camera */,
				E550DE68220F752100C9EA70 /* CameraTests */,
				E550DE73220F752100C9EA70 /* CameraUITests */,
				E550DE52220F751F00C9EA70 /* Products */,
			);
			sourceTree = "<group>";
		};
		E550DE52220F751F00C9EA70 /* Products */ = {
			isa = PBXGroup;
			children = (
				E550DE51220F751F00C9EA70 /* Camera.app */,
				E550DE65220F752100C9EA70 /* CameraTests.xctest */,
				E550DE70220F752100C9EA70 /* CameraUITests.xctest */,
			);
			name = Products;
			sourceTree = "<group>";
		};
		E550DE53220F751F00C9EA70 /* Camera */ = {
			isa = PBXGroup;
			children = (
				E550DE82220F752900C9EA70 /* Camera */,
				E550DE54220F751F00C9EA70 /* AppDelegate.swift */,
				E550DE56220F751F00C9EA70 /* ViewController.swift */,
				E550DE58220F751F00C9EA70 /* Main.storyboard */,
				E550DE5B220F752100C9EA70 /* Assets.xcassets */,
				E550DE5D220F752100C9EA70 /* LaunchScreen.storyboard */,
				E550DE60220F752100C9EA70 /* Info.plist */,
			);
			path = Camera;
			sourceTree = "<group>";
		};
		E550DE68220F752100C9EA70 /* CameraTests */ = {
			isa = PBXGroup;
			children = (
				E550DE69220F752100C9EA70 /* CameraTests.swift */,
				E550DE6B220F752100C9EA70 /* Info.plist */,
			);
			path = CameraTests;
			sourceTree = "<group>";
		};
		E550DE73220F752100C9EA70 /* CameraUITests */ = {
			isa = PBXGroup;
			children = (
				E550DE74220F752100C9EA70 /* CameraUITests.swift */,
				E550DE76220F752100C9EA70 /* Info.plist */,
			);
			path = CameraUITests;
			sourceTree = "<group>";
		};
		E550DE82220F752900C9EA70 /* Camera */ = {
			isa = PBXGroup;
			children = (
				E550DE83220F758700C9EA70 /* CameraPreview.xib */,
			);
			path = Camera;
			sourceTree = "<group>";
		};
/* End PBXGroup section */

/* Begin PBXNativeTarget section */
		E550DE50220F751F00C9EA70 /* Camera */ = {
			isa = PBXNativeTarget;
			buildConfigurationList = E550DE79220F752100C9EA70 /* Build configuration list for PBXNativeTarget "Camera" */;
			buildPhases = (
				E550DE4D220F751F00C9EA70 /* Sources */,
				E550DE4E220F751F00C9EA70 /* Frameworks */,
				E550DE4F220F751F00C9EA70 /* Resources */,
			);
			buildRules = (
			);
			dependencies = (
			);
			name = Camera;
			productName = Camera;
			productReference = E550DE51220F751F00C9EA70 /* Camera.app */;
			productType = "com.apple.product-type.application";
		};
		E550DE64220F752100C9EA70 /* CameraTests */ = {
			isa = PBXNativeTarget;
			buildConfigurationList = E550DE7C220F752100C9EA70 /* Build configuration list for PBXNativeTarget "CameraTests" */;
			buildPhases = (
				E550DE61220F752100C9EA70 /* Sources */,
				E550DE62220F752100C9EA70 /* Frameworks */,
				E550DE63220F752100C9EA70 /* Resources */,
			);
			buildRules = (
			);
			dependencies = (
				E550DE67220F752100C9EA70 /* PBXTargetDependency */,
			);
			name = CameraTests;
			productName = CameraTests;
			productReference = E550DE65220F752100C9EA70 /* CameraTests.xctest */;
			productType = "com.apple.product-type.bundle.unit-test";
		};
		E550DE6F220F752100C9EA70 /* CameraUITests */ = {
			isa = PBXNativeTarget;
			buildConfigurationList = E550DE7F220F752100C9EA70 /* Build configuration list for PBXNativeTarget "CameraUITests" */;
			buildPhases = (
				E550DE6C220F752100C9EA70 /* Sources */,
				E550DE6D220F752100C9EA70 /* Frameworks */,
				E550DE6E220F752100C9EA70 /* Resources */,
			);
			buildRules = (
			);
			dependencies = (
				E550DE72220F752100C9EA70 /* PBXTargetDependency */,
			);
			name = CameraUITests;
			productName = CameraUITests;
			productReference = E550DE70220F752100C9EA70 /* CameraUITests.xctest */;
			productType = "com.apple.product-type.bundle.ui-testing";
		};
/* End PBXNativeTarget section */

/* Begin PBXProject section */
		E550DE49220F751F00C9EA70 /* Project object */ = {
			isa = PBXProject;
			attributes = {
				LastSwiftUpdateCheck = 0940;
				LastUpgradeCheck = 0940;
				ORGANIZATIONNAME = shaat;
				TargetAttributes = {
					E550DE50220F751F00C9EA70 = {
						CreatedOnToolsVersion = 9.4;
					};
					E550DE64220F752100C9EA70 = {
						CreatedOnToolsVersion = 9.4;
						TestTargetID = E550DE50220F751F00C9EA70;
					};
					E550DE6F220F752100C9EA70 = {
						CreatedOnToolsVersion = 9.4;
						TestTargetID = E550DE50220F751F00C9EA70;
					};
				};
			};
			buildConfigurationList = E550DE4C220F751F00C9EA70 /* Build configuration list for PBXProject "Camera" */;
			compatibilityVersion = "Xcode 9.3";
			developmentRegion = en;
			hasScannedForEncodings = 0;
			knownRegions = (
				en,
				Base,
			);
			mainGroup = E550DE48220F751F00C9EA70;
			productRefGroup = E550DE52220F751F00C9EA70 /* Products */;
			projectDirPath = "";
			projectRoot = "";
			targets = (
				E550DE50220F751F00C9EA70 /* Camera */,
				E550DE64220F752100C9EA70 /* CameraTests */,
				E550DE6F220F752100C9EA70 /* CameraUITests */,
			);
		};
/* End PBXProject section */

/* Begin PBXResourcesBuildPhase section */
		E550DE4F220F751F00C9EA70 /* Resources */ = {
			isa = PBXResourcesBuildPhase;
			buildActionMask = 2147483647;
			files = (
				E550DE5F220F752100C9EA70 /* LaunchScreen.storyboard in Resources */,
				E550DE84220F758700C9EA70 /* CameraPreview.xib in Resources */,
				E550DE5C220F752100C9EA70 /* Assets.xcassets in Resources */,
				E550DE5A220F751F00C9EA70 /* Main.storyboard in Resources */,
			);
			runOnlyForDeploymentPostprocessing = 0;
		};
		E550DE63220F752100C9EA70 /* Resources */ = {
			isa = PBXResourcesBuildPhase;
			buildActionMask = 2147483647;
			files = (
			);
			runOnlyForDeploymentPostprocessing = 0;
		};
		E550DE6E220F752100C9EA70 /* Resources */ = {
			isa = PBXResourcesBuildPhase;
			buildActionMask = 2147483647;
			files = (
			);
			runOnlyForDeploymentPostprocessing = 0;
		};
/* End PBXResourcesBuildPhase section */

/* Begin PBXSourcesBuildPhase section */
		E550DE4D220F751F00C9EA70 /* Sources */ = {
			isa = PBXSourcesBuildPhase;
			buildActionMask = 2147483647;
			files = (
				E550DE57220F751F00C9EA70 /* ViewController.swift in Sources */,
				E550DE55220F751F00C9EA70 /* AppDelegate.swift in Sources */,
			);
			runOnlyForDeploymentPostprocessing = 0;
		};
		E550DE61220F752100C9EA70 /* Sources */ = {
			isa = PBXSourcesBuildPhase;
			buildActionMask = 2147483647;
			files = (
				E550DE6A220F752100C9EA70 /* CameraTests.swift in Sources */,
			);
			runOnlyForDeploymentPostprocessing = 0;
		};
		E550DE6C220F752100C9EA70 /* Sources */ = {
			isa = PBXSourcesBuildPhase;
			buildActionMask = 2147483647;
			files = (
				E550DE75220F752100C9EA70 /* CameraUITests.swift in Sources */,
			);
			runOnlyForDeploymentPostprocessing = 0;
		};
/* End PBXSourcesBuildPhase section */

/* Begin PBXTargetDependency section */
		E550DE67220F752100C9EA70 /* PBXTargetDependency */ = {
			isa = PBXTargetDependency;
			target = E550DE50220F751F00C9EA70 /* Camera */;
			targetProxy = E550DE66220F752100C9EA70 /* PBXContainerItemProxy */;
		};
		E550DE72220F752100C9EA70 /* PBXTargetDependency */ = {
			isa = PBXTargetDependency;
			target = E550DE50220F751F00C9EA70 /* Camera */;
			targetProxy = E550DE71220F752100C9EA70 /* PBXContainerItemProxy */;
		};
/* End PBXTargetDependency section */

/* Begin PBXVariantGroup section */
		E550DE58220F751F00C9EA70 /* Main.storyboard */ = {
			isa = PBXVariantGroup;
			children = (
				E550DE59220F751F00C9EA70 /* Base */,
			);
			name = Main.storyboard;
			sourceTree = "<group>";
		};
		E550DE5D220F752100C9EA70 /* LaunchScreen.storyboard */ = {
			isa = PBXVariantGroup;
			children = (
				E550DE5E220F752100C9EA70 /* Base */,
			);
			name = LaunchScreen.storyboard;
			sourceTree = "<group>";
		};
/* End PBXVariantGroup section */

/* Begin XCBuildConfiguration section */
		E550DE77220F752100C9EA70 /* Debug */ = {
			isa = XCBuildConfiguration;
			buildSettings = {
				ALWAYS_SEARCH_USER_PATHS = NO;
				CLANG_ANALYZER_NONNULL = YES;
				CLANG_ANALYZER_NUMBER_OBJECT_CONVERSION = YES_AGGRESSIVE;
				CLANG_CXX_LANGUAGE_STANDARD = "gnu++14";
				CLANG_CXX_LIBRARY = "libc++";
				CLANG_ENABLE_MODULES = YES;
				CLANG_ENABLE_OBJC_ARC = YES;
				CLANG_ENABLE_OBJC_WEAK = YES;
				CLANG_WARN_BLOCK_CAPTURE_AUTORELEASING = YES;
				CLANG_WARN_BOOL_CONVERSION = YES;
				CLANG_WARN_COMMA = YES;
				CLANG_WARN_CONSTANT_CONVERSION = YES;
				CLANG_WARN_DEPRECATED_OBJC_IMPLEMENTATIONS = YES;
				CLANG_WARN_DIRECT_OBJC_ISA_USAGE = YES_ERROR;
				CLANG_WARN_DOCUMENTATION_COMMENTS = YES;
				CLANG_WARN_EMPTY_BODY = YES;
				CLANG_WARN_ENUM_CONVERSION = YES;
				CLANG_WARN_INFINITE_RECURSION = YES;
				CLANG_WARN_INT_CONVERSION = YES;
				CLANG_WARN_NON_LITERAL_NULL_CONVERSION = YES;
				CLANG_WARN_OBJC_IMPLICIT_RETAIN_SELF = YES;
				CLANG_WARN_OBJC_LITERAL_CONVERSION = YES;
				CLANG_WARN_OBJC_ROOT_CLASS = YES_ERROR;
				CLANG_WARN_RANGE_LOOP_ANALYSIS = YES;
				CLANG_WARN_STRICT_PROTOTYPES = YES;
				CLANG_WARN_SUSPICIOUS_MOVE = YES;
				CLANG_WARN_UNGUARDED_AVAILABILITY = YES_AGGRESSIVE;
				CLANG_WARN_UNREACHABLE_CODE = YES;
				CLANG_WARN__DUPLICATE_METHOD_MATCH = YES;
				CODE_SIGN_IDENTITY = "iPhone Developer";
				COPY_PHASE_STRIP = NO;
				DEBUG_INFORMATION_FORMAT = dwarf;
				ENABLE_STRICT_OBJC_MSGSEND = YES;
				ENABLE_TESTABILITY = YES;
				GCC_C_LANGUAGE_STANDARD = gnu11;
				GCC_DYNAMIC_NO_PIC = NO;
				GCC_NO_COMMON_BLOCKS = YES;
				GCC_OPTIMIZATION_LEVEL = 0;
				GCC_PREPROCESSOR_DEFINITIONS = (
					"DEBUG=1",
					"$(inherited)",
				);
				GCC_WARN_64_TO_32_BIT_CONVERSION = YES;
				GCC_WARN_ABOUT_RETURN_TYPE = YES_ERROR;
				GCC_WARN_UNDECLARED_SELECTOR = YES;
				GCC_WARN_UNINITIALIZED_AUTOS = YES_AGGRESSIVE;
				GCC_WARN_UNUSED_FUNCTION = YES;
				GCC_WARN_UNUSED_VARIABLE = YES;
				IPHONEOS_DEPLOYMENT_TARGET = 11.4;
				MTL_ENABLE_DEBUG_INFO = YES;
				ONLY_ACTIVE_ARCH = YES;
				SDKROOT = iphoneos;
				SWIFT_ACTIVE_COMPILATION_CONDITIONS = DEBUG;
				SWIFT_OPTIMIZATION_LEVEL = "-Onone";
			};
			name = Debug;
		};
		E550DE78220F752100C9EA70 /* Release */ = {
			isa = XCBuildConfiguration;
			buildSettings = {
				ALWAYS_SEARCH_USER_PATHS = NO;
				CLANG_ANALYZER_NONNULL = YES;
				CLANG_ANALYZER_NUMBER_OBJECT_CONVERSION = YES_AGGRESSIVE;
				CLANG_CXX_LANGUAGE_STANDARD = "gnu++14";
				CLANG_CXX_LIBRARY = "libc++";
				CLANG_ENABLE_MODULES = YES;
				CLANG_ENABLE_OBJC_ARC = YES;
				CLANG_ENABLE_OBJC_WEAK = YES;
				CLANG_WARN_BLOCK_CAPTURE_AUTORELEASING = YES;
				CLANG_WARN_BOOL_CONVERSION = YES;
				CLANG_WARN_COMMA = YES;
				CLANG_WARN_CONSTANT_CONVERSION = YES;
				CLANG_WARN_DEPRECATED_OBJC_IMPLEMENTATIONS = YES;
				CLANG_WARN_DIRECT_OBJC_ISA_USAGE = YES_ERROR;
				CLANG_WARN_DOCUMENTATION_COMMENTS = YES;
				CLANG_WARN_EMPTY_BODY = YES;
				CLANG_WARN_ENUM_CONVERSION = YES;
				CLANG_WARN_INFINITE_RECURSION = YES;
				CLANG_WARN_INT_CONVERSION = YES;
				CLANG_WARN_NON_LITERAL_NULL_CONVERSION = YES;
				CLANG_WARN_OBJC_IMPLICIT_RETAIN_SELF = YES;
				CLANG_WARN_OBJC_LITERAL_CONVERSION = YES;
				CLANG_WARN_OBJC_ROOT_CLASS = YES_ERROR;
				CLANG_WARN_RANGE_LOOP_ANALYSIS = YES;
				CLANG_WARN_STRICT_PROTOTYPES = YES;
				CLANG_WARN_SUSPICIOUS_MOVE = YES;
				CLANG_WARN_UNGUARDED_AVAILABILITY = YES_AGGRESSIVE;
				CLANG_WARN_UNREACHABLE_CODE = YES;
				CLANG_WARN__DUPLICATE_METHOD_MATCH = YES;
				CODE_SIGN_IDENTITY = "iPhone Developer";
				COPY_PHASE_STRIP = NO;
				DEBUG_INFORMATION_FORMAT = "dwarf-with-dsym";
				ENABLE_NS_ASSERTIONS = NO;
				ENABLE_STRICT_OBJC_MSGSEND = YES;
				GCC_C_LANGUAGE_STANDARD = gnu11;
				GCC_NO_COMMON_BLOCKS = YES;
				GCC_WARN_64_TO_32_BIT_CONVERSION = YES;
				GCC_WARN_ABOUT_RETURN_TYPE = YES_ERROR;
				GCC_WARN_UNDECLARED_SELECTOR = YES;
				GCC_WARN_UNINITIALIZED_AUTOS = YES_AGGRESSIVE;
				GCC_WARN_UNUSED_FUNCTION = YES;
				GCC_WARN_UNUSED_VARIABLE = YES;
				IPHONEOS_DEPLOYMENT_TARGET = 11.4;
				MTL_ENABLE_DEBUG_INFO = NO;
				SDKROOT = iphoneos;
				SWIFT_COMPILATION_MODE = wholemodule;
				SWIFT_OPTIMIZATION_LEVEL = "-O";
				VALIDATE_PRODUCT = YES;
			};
			name = Release;
		};
		E550DE7A220F752100C9EA70 /* Debug */ = {
			isa = XCBuildConfiguration;
			buildSettings = {
				ASSETCATALOG_COMPILER_APPICON_NAME = AppIcon;
				CODE_SIGN_STYLE = Automatic;
				DEVELOPMENT_TEAM = 368YH886R9;
				INFOPLIST_FILE = Camera/Info.plist;
				LD_RUNPATH_SEARCH_PATHS = (
					"$(inherited)",
					"@executable_path/Frameworks",
				);
				PRODUCT_BUNDLE_IDENTIFIER = shaat.Camera;
				PRODUCT_NAME = "$(TARGET_NAME)";
				SWIFT_VERSION = 4.0;
				TARGETED_DEVICE_FAMILY = "1,2";
			};
			name = Debug;
		};
		E550DE7B220F752100C9EA70 /* Release */ = {
			isa = XCBuildConfiguration;
			buildSettings = {
				ASSETCATALOG_COMPILER_APPICON_NAME = AppIcon;
				CODE_SIGN_STYLE = Automatic;
				DEVELOPMENT_TEAM = 368YH886R9;
				INFOPLIST_FILE = Camera/Info.plist;
				LD_RUNPATH_SEARCH_PATHS = (
					"$(inherited)",
					"@executable_path/Frameworks",
				);
				PRODUCT_BUNDLE_IDENTIFIER = shaat.Camera;
				PRODUCT_NAME = "$(TARGET_NAME)";
				SWIFT_VERSION = 4.0;
				TARGETED_DEVICE_FAMILY = "1,2";
			};
			name = Release;
		};
		E550DE7D220F752100C9EA70 /* Debug */ = {
			isa = XCBuildConfiguration;
			buildSettings = {
				ALWAYS_EMBED_SWIFT_STANDARD_LIBRARIES = YES;
				BUNDLE_LOADER = "$(TEST_HOST)";
				CODE_SIGN_STYLE = Automatic;
				DEVELOPMENT_TEAM = 368YH886R9;
				INFOPLIST_FILE = CameraTests/Info.plist;
				LD_RUNPATH_SEARCH_PATHS = (
					"$(inherited)",
					"@executable_path/Frameworks",
					"@loader_path/Frameworks",
				);
				PRODUCT_BUNDLE_IDENTIFIER = shaat.CameraTests;
				PRODUCT_NAME = "$(TARGET_NAME)";
				SWIFT_VERSION = 4.0;
				TARGETED_DEVICE_FAMILY = "1,2";
				TEST_HOST = "$(BUILT_PRODUCTS_DIR)/Camera.app/Camera";
			};
			name = Debug;
		};
		E550DE7E220F752100C9EA70 /* Release */ = {
			isa = XCBuildConfiguration;
			buildSettings = {
				ALWAYS_EMBED_SWIFT_STANDARD_LIBRARIES = YES;
				BUNDLE_LOADER = "$(TEST_HOST)";
				CODE_SIGN_STYLE = Automatic;
				DEVELOPMENT_TEAM = 368YH886R9;
				INFOPLIST_FILE = CameraTests/Info.plist;
				LD_RUNPATH_SEARCH_PATHS = (
					"$(inherited)",
					"@executable_path/Frameworks",
					"@loader_path/Frameworks",
				);
				PRODUCT_BUNDLE_IDENTIFIER = shaat.CameraTests;
				PRODUCT_NAME = "$(TARGET_NAME)";
				SWIFT_VERSION = 4.0;
				TARGETED_DEVICE_FAMILY = "1,2";
				TEST_HOST = "$(BUILT_PRODUCTS_DIR)/Camera.app/Camera";
			};
			name = Release;
		};
		E550DE80220F752100C9EA70 /* Debug */ = {
			isa = XCBuildConfiguration;
			buildSettings = {
				ALWAYS_EMBED_SWIFT_STANDARD_LIBRARIES = YES;
				CODE_SIGN_STYLE = Automatic;
				DEVELOPMENT_TEAM = 368YH886R9;
				INFOPLIST_FILE = CameraUITests/Info.plist;
				LD_RUNPATH_SEARCH_PATHS = (
					"$(inherited)",
					"@executable_path/Frameworks",
					"@loader_path/Frameworks",
				);
				PRODUCT_BUNDLE_IDENTIFIER = shaat.CameraUITests;
				PRODUCT_NAME = "$(TARGET_NAME)";
				SWIFT_VERSION = 4.0;
				TARGETED_DEVICE_FAMILY = "1,2";
				TEST_TARGET_NAME = Camera;
			};
			name = Debug;
		};
		E550DE81220F752100C9EA70 /* Release */ = {
			isa = XCBuildConfiguration;
			buildSettings = {
				ALWAYS_EMBED_SWIFT_STANDARD_LIBRARIES = YES;
				CODE_SIGN_STYLE = Automatic;
				DEVELOPMENT_TEAM = 368YH886R9;
				INFOPLIST_FILE = CameraUITests/Info.plist;
				LD_RUNPATH_SEARCH_PATHS = (
					"$(inherited)",
					"@executable_path/Frameworks",
					"@loader_path/Frameworks",
				);
				PRODUCT_BUNDLE_IDENTIFIER = shaat.CameraUITests;
				PRODUCT_NAME = "$(TARGET_NAME)";
				SWIFT_VERSION = 4.0;
				TARGETED_DEVICE_FAMILY = "1,2";
				TEST_TARGET_NAME = Camera;
			};
			name = Release;
		};
/* End XCBuildConfiguration section */

/* Begin XCConfigurationList section */
		E550DE4C220F751F00C9EA70 /* Build configuration list for PBXProject "Camera" */ = {
			isa = XCConfigurationList;
			buildConfigurations = (
				E550DE77220F752100C9EA70 /* Debug */,
				E550DE78220F752100C9EA70 /* Release */,
			);
			defaultConfigurationIsVisible = 0;
			defaultConfigurationName = Release;
		};
		E550DE79220F752100C9EA70 /* Build configuration list for PBXNativeTarget "Camera" */ = {
			isa = XCConfigurationList;
			buildConfigurations = (
				E550DE7A220F752100C9EA70 /* Debug */,
				E550DE7B220F752100C9EA70 /* Release */,
			);
			defaultConfigurationIsVisible = 0;
			defaultConfigurationName = Release;
		};
		E550DE7C220F752100C9EA70 /* Build configuration list for PBXNativeTarget "CameraTests" */ = {
			isa = XCConfigurationList;
			buildConfigurations = (
				E550DE7D220F752100C9EA70 /* Debug */,
				E550DE7E220F752100C9EA70 /* Release */,
			);
			defaultConfigurationIsVisible = 0;
			defaultConfigurationName = Release;
		};
		E550DE7F220F752100C9EA70 /* Build configuration list for PBXNativeTarget "CameraUITests" */ = {
			isa = XCConfigurationList;
			buildConfigurations = (
				E550DE80220F752100C9EA70 /* Debug */,
				E550DE81220F752100C9EA70 /* Release */,
			);
			defaultConfigurationIsVisible = 0;
			defaultConfigurationName = Release;
		};
/* End XCConfigurationList section */
	};
	rootObject = E550DE49220F751F00C9EA70 /* Project object */;
}
